
Microsoft Visual Studio Solution File, Format Version 12.00
# Visual Studio Version 17
VisualStudioVersion = 17.8.34322.80
MinimumVisualStudioVersion = 10.0.40219.1
Project("{8BC9CEB8-8B4A-11D0-8D11-00A0C91BC942}") = "RG_K1_P6", "RG_K1_P6\RG_K1_P6.vcxproj", "{5C20DA5B-01E8-448A-B1D6-FF39810A76DB}"
EndProject
Global
	GlobalSection(SolutionConfigurationPlatforms) = preSolution
		Debug|x64 = Debug|x64
		Debug|x86 = Debug|x86
		Release|x64 = Release|x64
		Release|x86 = Release|x86
	EndGlobalSection
	GlobalSection(ProjectConfigurationPlatforms) = postSolution
		{5C20DA5B-01E8-448A-B1D6-FF39810A76DB}.Debug|x64.ActiveCfg = Debug|x64
		{5C20DA5B-01E8-448A-B1D6-FF39810A76DB}.Debug|x64.Build.0 = Debug|x64
		{5C20DA5B-01E8-448A-B1D6-FF39810A76DB}.Debug|x86.ActiveCfg = Debug|Win32
		{5C20DA5B-01E8-448A-B1D6-FF39810A76DB}.Debug|x86.Build.0 = Debug|Win32
		{5C20DA5B-01E8-448A-B1D6-FF39810A76DB}.Release|x64.ActiveCfg = Release|x64
		{5C20DA5B-01E8-448A-B1D6-FF39810A76DB}.Release|x64.Build.0 = Release|x64
		{5C20DA5B-01E8-448A-B1D6-FF39810A76DB}.Release|x86.ActiveCfg = Release|Win32
		{5C20DA5B-01E8-448A-B1D6-FF39810A76DB}.Release|x86.Build.0 = Release|Win32
	EndGlobalSection
	GlobalSection(SolutionProperties) = preSolution
		HideSolutionNode = FALSE
	EndGlobalSection
	GlobalSection(ExtensibilityGlobals) = postSolution
		SolutionGuid = {78D80828-28A5-47FA-BC4E-BF21E01C68A6}
	EndGlobalSection
EndGlobal
